
Microsoft Visual Studio Solution File, Format Version 12.00
# Visual Studio Version 17
VisualStudioVersion = 17.2.32630.192
MinimumVisualStudioVersion = 10.0.40219.1
Project("{2150E333-8FDC-42A3-9474-1A3956D46DE8}") = "Auth", "Auth", "{3FEF5C14-BD86-4B1B-A2D7-EDCB372636C5}"
EndProject
Project("{2150E333-8FDC-42A3-9474-1A3956D46DE8}") = "Utility", "Utility", "{F68FE442-223A-414F-B814-F5791A80C859}"
EndProject
Project("{2150E333-8FDC-42A3-9474-1A3956D46DE8}") = "Production", "Production", "{5BD8E683-AFC5-4225-B19F-CE282B0FD402}"
EndProject
Project("{FAE04EC0-301F-11D3-BF4B-00C04F79EFBC}") = "MyTodo_Users", "MyTodo_Users\MyTodo_Users.csproj", "{57E1362F-9B0D-4360-940E-F53FDEC829BE}"
EndProject
Project("{FAE04EC0-301F-11D3-BF4B-00C04F79EFBC}") = "MyTodo_Todos", "MyTodo_Todos\MyTodo_Todos.csproj", "{933ABB99-1237-4D0F-91D2-690273A64246}"
EndProject
Project("{54A90642-561A-4BB1-A94E-469ADEE60C69}") = "MyTodo_UI", "MyTodo_UI\MyTodo_UI.esproj", "{813641DC-F43B-4D13-8CF5-640FC53773DB}"
EndProject
Project("{FAE04EC0-301F-11D3-BF4B-00C04F79EFBC}") = "MyAuth", "MyAuth\MyAuth.csproj", "{4BB5630B-9E29-4D98-A19D-438746408AE5}"
EndProject
Project("{54A90642-561A-4BB1-A94E-469ADEE60C69}") = "MyAuth_UI", "MyAuth_UI\MyAuth_UI.esproj", "{7AE82AE3-E655-4FA4-A7FD-9D90DD2A712A}"
EndProject
Project("{FAE04EC0-301F-11D3-BF4B-00C04F79EFBC}") = "MyAuth_lib", "MyAuth_lib\MyAuth_lib.csproj", "{CAD1D559-5F72-4827-AAF6-2E2808F7D07C}"
EndProject
Project("{2150E333-8FDC-42A3-9474-1A3956D46DE8}") = "DataAccessLayer", "DataAccessLayer", "{DCA90B17-88D8-487A-8A60-81B5BF743982}"
EndProject
Project("{FAE04EC0-301F-11D3-BF4B-00C04F79EFBC}") = "Entities", "Entities\Entities.csproj", "{0AD8F04F-ABF2-453C-B3D4-3C65023B0ADF}"
EndProject
Project("{FAE04EC0-301F-11D3-BF4B-00C04F79EFBC}") = "MyLogger", "MyLogger\MyLogger.csproj", "{81A61518-CBAC-479B-A3E9-1F3DE614418E}"
EndProject
Project("{FAE04EC0-301F-11D3-BF4B-00C04F79EFBC}") = "DataTransfer", "DataTransfer\DataTransfer.csproj", "{6F3D7F68-C10C-411C-950D-E0CB704130F4}"
EndProject
Global
	GlobalSection(SolutionConfigurationPlatforms) = preSolution
		Debug|Any CPU = Debug|Any CPU
		Release|Any CPU = Release|Any CPU
	EndGlobalSection
	GlobalSection(ProjectConfigurationPlatforms) = postSolution
		{57E1362F-9B0D-4360-940E-F53FDEC829BE}.Debug|Any CPU.ActiveCfg = Debug|Any CPU
		{57E1362F-9B0D-4360-940E-F53FDEC829BE}.Debug|Any CPU.Build.0 = Debug|Any CPU
		{57E1362F-9B0D-4360-940E-F53FDEC829BE}.Release|Any CPU.ActiveCfg = Release|Any CPU
		{57E1362F-9B0D-4360-940E-F53FDEC829BE}.Release|Any CPU.Build.0 = Release|Any CPU
		{933ABB99-1237-4D0F-91D2-690273A64246}.Debug|Any CPU.ActiveCfg = Debug|Any CPU
		{933ABB99-1237-4D0F-91D2-690273A64246}.Debug|Any CPU.Build.0 = Debug|Any CPU
		{933ABB99-1237-4D0F-91D2-690273A64246}.Release|Any CPU.ActiveCfg = Release|Any CPU
		{933ABB99-1237-4D0F-91D2-690273A64246}.Release|Any CPU.Build.0 = Release|Any CPU
		{813641DC-F43B-4D13-8CF5-640FC53773DB}.Debug|Any CPU.ActiveCfg = Debug|Any CPU
		{813641DC-F43B-4D13-8CF5-640FC53773DB}.Debug|Any CPU.Build.0 = Debug|Any CPU
		{813641DC-F43B-4D13-8CF5-640FC53773DB}.Debug|Any CPU.Deploy.0 = Debug|Any CPU
		{813641DC-F43B-4D13-8CF5-640FC53773DB}.Release|Any CPU.ActiveCfg = Release|Any CPU
		{813641DC-F43B-4D13-8CF5-640FC53773DB}.Release|Any CPU.Build.0 = Release|Any CPU
		{813641DC-F43B-4D13-8CF5-640FC53773DB}.Release|Any CPU.Deploy.0 = Release|Any CPU
		{4BB5630B-9E29-4D98-A19D-438746408AE5}.Debug|Any CPU.ActiveCfg = Debug|Any CPU
		{4BB5630B-9E29-4D98-A19D-438746408AE5}.Debug|Any CPU.Build.0 = Debug|Any CPU
		{4BB5630B-9E29-4D98-A19D-438746408AE5}.Release|Any CPU.ActiveCfg = Release|Any CPU
		{4BB5630B-9E29-4D98-A19D-438746408AE5}.Release|Any CPU.Build.0 = Release|Any CPU
		{7AE82AE3-E655-4FA4-A7FD-9D90DD2A712A}.Debug|Any CPU.ActiveCfg = Debug|Any CPU
		{7AE82AE3-E655-4FA4-A7FD-9D90DD2A712A}.Debug|Any CPU.Build.0 = Debug|Any CPU
		{7AE82AE3-E655-4FA4-A7FD-9D90DD2A712A}.Debug|Any CPU.Deploy.0 = Debug|Any CPU
		{7AE82AE3-E655-4FA4-A7FD-9D90DD2A712A}.Release|Any CPU.ActiveCfg = Release|Any CPU
		{7AE82AE3-E655-4FA4-A7FD-9D90DD2A712A}.Release|Any CPU.Build.0 = Release|Any CPU
		{7AE82AE3-E655-4FA4-A7FD-9D90DD2A712A}.Release|Any CPU.Deploy.0 = Release|Any CPU
		{CAD1D559-5F72-4827-AAF6-2E2808F7D07C}.Debug|Any CPU.ActiveCfg = Debug|Any CPU
		{CAD1D559-5F72-4827-AAF6-2E2808F7D07C}.Debug|Any CPU.Build.0 = Debug|Any CPU
		{CAD1D559-5F72-4827-AAF6-2E2808F7D07C}.Release|Any CPU.ActiveCfg = Release|Any CPU
		{CAD1D559-5F72-4827-AAF6-2E2808F7D07C}.Release|Any CPU.Build.0 = Release|Any CPU
		{0AD8F04F-ABF2-453C-B3D4-3C65023B0ADF}.Debug|Any CPU.ActiveCfg = Debug|Any CPU
		{0AD8F04F-ABF2-453C-B3D4-3C65023B0ADF}.Debug|Any CPU.Build.0 = Debug|Any CPU
		{0AD8F04F-ABF2-453C-B3D4-3C65023B0ADF}.Release|Any CPU.ActiveCfg = Release|Any CPU
		{0AD8F04F-ABF2-453C-B3D4-3C65023B0ADF}.Release|Any CPU.Build.0 = Release|Any CPU
		{81A61518-CBAC-479B-A3E9-1F3DE614418E}.Debug|Any CPU.ActiveCfg = Debug|Any CPU
		{81A61518-CBAC-479B-A3E9-1F3DE614418E}.Debug|Any CPU.Build.0 = Debug|Any CPU
		{81A61518-CBAC-479B-A3E9-1F3DE614418E}.Release|Any CPU.ActiveCfg = Release|Any CPU
		{81A61518-CBAC-479B-A3E9-1F3DE614418E}.Release|Any CPU.Build.0 = Release|Any CPU
		{6F3D7F68-C10C-411C-950D-E0CB704130F4}.Debug|Any CPU.ActiveCfg = Debug|Any CPU
		{6F3D7F68-C10C-411C-950D-E0CB704130F4}.Debug|Any CPU.Build.0 = Debug|Any CPU
		{6F3D7F68-C10C-411C-950D-E0CB704130F4}.Release|Any CPU.ActiveCfg = Release|Any CPU
		{6F3D7F68-C10C-411C-950D-E0CB704130F4}.Release|Any CPU.Build.0 = Release|Any CPU
	EndGlobalSection
	GlobalSection(SolutionProperties) = preSolution
		HideSolutionNode = FALSE
	EndGlobalSection
	GlobalSection(NestedProjects) = preSolution
		{57E1362F-9B0D-4360-940E-F53FDEC829BE} = {5BD8E683-AFC5-4225-B19F-CE282B0FD402}
		{933ABB99-1237-4D0F-91D2-690273A64246} = {5BD8E683-AFC5-4225-B19F-CE282B0FD402}
		{813641DC-F43B-4D13-8CF5-640FC53773DB} = {5BD8E683-AFC5-4225-B19F-CE282B0FD402}
		{4BB5630B-9E29-4D98-A19D-438746408AE5} = {3FEF5C14-BD86-4B1B-A2D7-EDCB372636C5}
		{7AE82AE3-E655-4FA4-A7FD-9D90DD2A712A} = {3FEF5C14-BD86-4B1B-A2D7-EDCB372636C5}
		{CAD1D559-5F72-4827-AAF6-2E2808F7D07C} = {3FEF5C14-BD86-4B1B-A2D7-EDCB372636C5}
		{0AD8F04F-ABF2-453C-B3D4-3C65023B0ADF} = {DCA90B17-88D8-487A-8A60-81B5BF743982}
		{81A61518-CBAC-479B-A3E9-1F3DE614418E} = {F68FE442-223A-414F-B814-F5791A80C859}
		{6F3D7F68-C10C-411C-950D-E0CB704130F4} = {F68FE442-223A-414F-B814-F5791A80C859}
	EndGlobalSection
	GlobalSection(ExtensibilityGlobals) = postSolution
		SolutionGuid = {0221CAC5-D6AF-4785-BE67-2B95FEFDDB77}
	EndGlobalSection
EndGlobal
